
Microsoft Visual Studio Solution File, Format Version 12.00
# Visual Studio Version 16
VisualStudioVersion = 16.0.31624.102
MinimumVisualStudioVersion = 10.0.40219.1
Project("{8BC9CEB8-8B4A-11D0-8D11-00A0C91BC942}") = "MathLibrary1", "MathLibrary1\MathLibrary1.vcxproj", "{D6B44880-01A0-4F3A-B0AC-74B1C6F8F62A}"
EndProject
Project("{8BC9CEB8-8B4A-11D0-8D11-00A0C91BC942}") = "MathClient", "MathClient\MathClient.vcxproj", "{B94A3FED-EDE9-4F11-AE8F-0866A02C7095}"
EndProject
Global
	GlobalSection(SolutionConfigurationPlatforms) = preSolution
		Debug|x64 = Debug|x64
		Debug|x86 = Debug|x86
		Release|x64 = Release|x64
		Release|x86 = Release|x86
	EndGlobalSection
	GlobalSection(ProjectConfigurationPlatforms) = postSolution
		{D6B44880-01A0-4F3A-B0AC-74B1C6F8F62A}.Debug|x64.ActiveCfg = Debug|x64
		{D6B44880-01A0-4F3A-B0AC-74B1C6F8F62A}.Debug|x64.Build.0 = Debug|x64
		{D6B44880-01A0-4F3A-B0AC-74B1C6F8F62A}.Debug|x86.ActiveCfg = Debug|Win32
		{D6B44880-01A0-4F3A-B0AC-74B1C6F8F62A}.Debug|x86.Build.0 = Debug|Win32
		{D6B44880-01A0-4F3A-B0AC-74B1C6F8F62A}.Release|x64.ActiveCfg = Release|x64
		{D6B44880-01A0-4F3A-B0AC-74B1C6F8F62A}.Release|x64.Build.0 = Release|x64
		{D6B44880-01A0-4F3A-B0AC-74B1C6F8F62A}.Release|x86.ActiveCfg = Release|Win32
		{D6B44880-01A0-4F3A-B0AC-74B1C6F8F62A}.Release|x86.Build.0 = Release|Win32
		{B94A3FED-EDE9-4F11-AE8F-0866A02C7095}.Debug|x64.ActiveCfg = Debug|x64
		{B94A3FED-EDE9-4F11-AE8F-0866A02C7095}.Debug|x64.Build.0 = Debug|x64
		{B94A3FED-EDE9-4F11-AE8F-0866A02C7095}.Debug|x86.ActiveCfg = Debug|Win32
		{B94A3FED-EDE9-4F11-AE8F-0866A02C7095}.Debug|x86.Build.0 = Debug|Win32
		{B94A3FED-EDE9-4F11-AE8F-0866A02C7095}.Release|x64.ActiveCfg = Release|x64
		{B94A3FED-EDE9-4F11-AE8F-0866A02C7095}.Release|x64.Build.0 = Release|x64
		{B94A3FED-EDE9-4F11-AE8F-0866A02C7095}.Release|x86.ActiveCfg = Release|Win32
		{B94A3FED-EDE9-4F11-AE8F-0866A02C7095}.Release|x86.Build.0 = Release|Win32
	EndGlobalSection
	GlobalSection(SolutionProperties) = preSolution
		HideSolutionNode = FALSE
	EndGlobalSection
	GlobalSection(ExtensibilityGlobals) = postSolution
		SolutionGuid = {E7E648F1-B59C-42A7-8ADA-808025B05F20}
	EndGlobalSection
EndGlobal
